
Microsoft Visual Studio Solution File, Format Version 12.00
# Visual Studio 2013
VisualStudioVersion = 12.0.21005.1
MinimumVisualStudioVersion = 10.0.40219.1
Project("{FAE04EC0-301F-11D3-BF4B-00C04F79EFBC}") = "CrisisInterfere", "CrisisInterfere.csproj", "{C0260274-5798-4069-8487-11659697D2EA}"
EndProject
Project("{2150E333-8FDC-42A3-9474-1A3956D46DE8}") = ".nuget", ".nuget", "{102336D2-BA8F-4412-B3E6-56F71DF77B48}"
	ProjectSection(SolutionItems) = preProject
		.nuget\NuGet.Config = .nuget\NuGet.Config
		.nuget\NuGet.exe = .nuget\NuGet.exe
		.nuget\NuGet.targets = .nuget\NuGet.targets
	EndProjectSection
EndProject
Global
	GlobalSection(TeamFoundationVersionControl) = preSolution
		SccNumberOfProjects = 2
		SccEnterpriseProvider = {4CA58AB2-18FA-4F8D-95D4-32DDF27D184C}
		SccTeamFoundationServer = http://192.168.1.109:8080/tfs/%E5%8D%9A%E6%99%BA%E7%B3%BB--%E4%BA%A7%E5%93%81%E8%BD%AF%E4%BB%B6%E9%9B%86%E5%90%88
		SccLocalPath0 = .
		SccProjectUniqueName1 = CrisisInterfere.csproj
		SccLocalPath1 = .
	EndGlobalSection
	GlobalSection(SolutionConfigurationPlatforms) = preSolution
		Debug|Any CPU = Debug|Any CPU
		Release|Any CPU = Release|Any CPU
	EndGlobalSection
	GlobalSection(ProjectConfigurationPlatforms) = postSolution
		{C0260274-5798-4069-8487-11659697D2EA}.Debug|Any CPU.ActiveCfg = Debug|Any CPU
		{C0260274-5798-4069-8487-11659697D2EA}.Debug|Any CPU.Build.0 = Debug|Any CPU
		{C0260274-5798-4069-8487-11659697D2EA}.Release|Any CPU.ActiveCfg = Release|Any CPU
		{C0260274-5798-4069-8487-11659697D2EA}.Release|Any CPU.Build.0 = Release|Any CPU
	EndGlobalSection
	GlobalSection(SolutionProperties) = preSolution
		HideSolutionNode = FALSE
	EndGlobalSection
EndGlobal
